
Microsoft Visual Studio Solution File, Format Version 12.00
# Visual Studio Version 16
VisualStudioVersion = 25.0.1706.14
MinimumVisualStudioVersion = 10.0.40219.1
Project("{FAE04EC0-301F-11D3-BF4B-00C04F79EFBC}") = "ShowCase", "ShowCase\ShowCase.csproj", "{286BA7E2-42CF-4FB4-8FD7-337F9DC56054}"
EndProject
Project("{FAE04EC0-301F-11D3-BF4B-00C04F79EFBC}") = "StringLibrary", "StringLibrary\StringLibrary.csproj", "{DCE508B5-90F5-42BD-8A47-2D933C371220}"
EndProject
Global
	GlobalSection(SolutionConfigurationPlatforms) = preSolution
		Debug|Any CPU = Debug|Any CPU
		Release|Any CPU = Release|Any CPU
	EndGlobalSection
	GlobalSection(ProjectConfigurationPlatforms) = postSolution
		{286BA7E2-42CF-4FB4-8FD7-337F9DC56054}.Debug|Any CPU.ActiveCfg = Debug|Any CPU
		{286BA7E2-42CF-4FB4-8FD7-337F9DC56054}.Debug|Any CPU.Build.0 = Debug|Any CPU
		{286BA7E2-42CF-4FB4-8FD7-337F9DC56054}.Release|Any CPU.ActiveCfg = Release|Any CPU
		{286BA7E2-42CF-4FB4-8FD7-337F9DC56054}.Release|Any CPU.Build.0 = Release|Any CPU
		{DCE508B5-90F5-42BD-8A47-2D933C371220}.Debug|Any CPU.ActiveCfg = Debug|Any CPU
		{DCE508B5-90F5-42BD-8A47-2D933C371220}.Debug|Any CPU.Build.0 = Debug|Any CPU
		{DCE508B5-90F5-42BD-8A47-2D933C371220}.Release|Any CPU.ActiveCfg = Release|Any CPU
		{DCE508B5-90F5-42BD-8A47-2D933C371220}.Release|Any CPU.Build.0 = Release|Any CPU
	EndGlobalSection
	GlobalSection(SolutionProperties) = preSolution
		HideSolutionNode = FALSE
	EndGlobalSection
	GlobalSection(ExtensibilityGlobals) = postSolution
		SolutionGuid = {A2F7CDF1-D301-467E-BC51-9239E09F94AC}
	EndGlobalSection
EndGlobal
